# This file is automatically @generated by Cargo.
# It is not intended for manual editing.
version = 4

[[package]]
name = "calamars"
version = "0.1.0"
dependencies = [
 "parlib",
]

[[package]]
name = "parlib"
version = "0.1.1"
source = "registry+https://github.com/rust-lang/crates.io-index"
checksum = "1106c46041ad87564e705d112ae1834560fd2afffaefe09e8c491d2d3427f9ff"
